// !$*UTF8*$!
{
	archiveVersion = 1;
	classes = {
	};
	objectVersion = 48;
	objects = {

/* Begin PBXBuildFile section */
		2436938E204B573800E0EE49 /* main.c in Sources */ = {isa = PBXBuildFile; fileRef = 2436938D204B573800E0EE49 /* main.c */; };
		24369396204B575E00E0EE49 /* ant.c in Sources */ = {isa = PBXBuildFile; fileRef = 24369395204B575E00E0EE49 /* ant.c */; };
		24369399204B58AD00E0EE49 /* parser.c in Sources */ = {isa = PBXBuildFile; fileRef = 24369398204B58AD00E0EE49 /* parser.c */; };
		24D468D12058749F00718D50 /* Makefile in Sources */ = {isa = PBXBuildFile; fileRef = 24D468D02058749F00718D50 /* Makefile */; };
/* End PBXBuildFile section */

/* Begin PBXCopyFilesBuildPhase section */
		24369388204B573800E0EE49 /* CopyFiles */ = {
			isa = PBXCopyFilesBuildPhase;
			buildActionMask = 2147483647;
			dstPath = /usr/share/man/man1/;
			dstSubfolderSpec = 0;
			files = (
			);
			runOnlyForDeploymentPostprocessing = 1;
		};
/* End PBXCopyFilesBuildPhase section */

/* Begin PBXFileReference section */
		2436938A204B573800E0EE49 /* Ants */ = {isa = PBXFileReference; explicitFileType = "compiled.mach-o.executable"; includeInIndex = 0; path = Ants; sourceTree = BUILT_PRODUCTS_DIR; };
		2436938D204B573800E0EE49 /* main.c */ = {isa = PBXFileReference; lastKnownFileType = sourcecode.c.c; path = main.c; sourceTree = "<group>"; };
		24369394204B575E00E0EE49 /* ant.h */ = {isa = PBXFileReference; lastKnownFileType = sourcecode.c.h; path = ant.h; sourceTree = "<group>"; };
		24369395204B575E00E0EE49 /* ant.c */ = {isa = PBXFileReference; lastKnownFileType = sourcecode.c.c; path = ant.c; sourceTree = "<group>"; };
		24369397204B58AD00E0EE49 /* parser.h */ = {isa = PBXFileReference; lastKnownFileType = sourcecode.c.h; path = parser.h; sourceTree = "<group>"; };
		24369398204B58AD00E0EE49 /* parser.c */ = {isa = PBXFileReference; lastKnownFileType = sourcecode.c.c; path = parser.c; sourceTree = "<group>"; };
		2436939A204BBAD700E0EE49 /* in.txt */ = {isa = PBXFileReference; lastKnownFileType = text; path = in.txt; sourceTree = "<group>"; };
		24D468D02058749F00718D50 /* Makefile */ = {isa = PBXFileReference; lastKnownFileType = sourcecode.make; path = Makefile; sourceTree = "<group>"; };
/* End PBXFileReference section */

/* Begin PBXFrameworksBuildPhase section */
		24369387204B573800E0EE49 /* Frameworks */ = {
			isa = PBXFrameworksBuildPhase;
			buildActionMask = 2147483647;
			files = (
			);
			runOnlyForDeploymentPostprocessing = 0;
		};
/* End PBXFrameworksBuildPhase section */

/* Begin PBXGroup section */
		24369381204B573800E0EE49 = {
			isa = PBXGroup;
			children = (
				2436938C204B573800E0EE49 /* Ants */,
				2436938B204B573800E0EE49 /* Products */,
			);
			sourceTree = "<group>";
		};
		2436938B204B573800E0EE49 /* Products */ = {
			isa = PBXGroup;
			children = (
				2436938A204B573800E0EE49 /* Ants */,
			);
			name = Products;
			sourceTree = "<group>";
		};
		2436938C204B573800E0EE49 /* Ants */ = {
			isa = PBXGroup;
			children = (
				2436938D204B573800E0EE49 /* main.c */,
				2436939A204BBAD700E0EE49 /* in.txt */,
				24369397204B58AD00E0EE49 /* parser.h */,
				24369398204B58AD00E0EE49 /* parser.c */,
				24D468D02058749F00718D50 /* Makefile */,
				24369394204B575E00E0EE49 /* ant.h */,
				24369395204B575E00E0EE49 /* ant.c */,
			);
			path = Ants;
			sourceTree = "<group>";
		};
/* End PBXGroup section */

/* Begin PBXNativeTarget section */
		24369389204B573800E0EE49 /* Ants */ = {
			isa = PBXNativeTarget;
			buildConfigurationList = 24369391204B573800E0EE49 /* Build configuration list for PBXNativeTarget "Ants" */;
			buildPhases = (
				24369386204B573800E0EE49 /* Sources */,
				24369387204B573800E0EE49 /* Frameworks */,
				24369388204B573800E0EE49 /* CopyFiles */,
			);
			buildRules = (
			);
			dependencies = (
			);
			name = Ants;
			productName = Ants;
			productReference = 2436938A204B573800E0EE49 /* Ants */;
			productType = "com.apple.product-type.tool";
		};
/* End PBXNativeTarget section */

/* Begin PBXProject section */
		24369382204B573800E0EE49 /* Project object */ = {
			isa = PBXProject;
			attributes = {
				LastUpgradeCheck = 0920;
				ORGANIZATIONNAME = "Jackson Petty";
				TargetAttributes = {
					24369389204B573800E0EE49 = {
						CreatedOnToolsVersion = 9.2;
						ProvisioningStyle = Automatic;
					};
				};
			};
			buildConfigurationList = 24369385204B573800E0EE49 /* Build configuration list for PBXProject "Ants" */;
			compatibilityVersion = "Xcode 8.0";
			developmentRegion = en;
			hasScannedForEncodings = 0;
			knownRegions = (
				en,
			);
			mainGroup = 24369381204B573800E0EE49;
			productRefGroup = 2436938B204B573800E0EE49 /* Products */;
			projectDirPath = "";
			projectRoot = "";
			targets = (
				24369389204B573800E0EE49 /* Ants */,
			);
		};
/* End PBXProject section */

/* Begin PBXSourcesBuildPhase section */
		24369386204B573800E0EE49 /* Sources */ = {
			isa = PBXSourcesBuildPhase;
			buildActionMask = 2147483647;
			files = (
				2436938E204B573800E0EE49 /* main.c in Sources */,
				24369399204B58AD00E0EE49 /* parser.c in Sources */,
				24D468D12058749F00718D50 /* Makefile in Sources */,
				24369396204B575E00E0EE49 /* ant.c in Sources */,
			);
			runOnlyForDeploymentPostprocessing = 0;
		};
/* End PBXSourcesBuildPhase section */

/* Begin XCBuildConfiguration section */
		2436938F204B573800E0EE49 /* Debug */ = {
			isa = XCBuildConfiguration;
			buildSettings = {
				ALWAYS_SEARCH_USER_PATHS = NO;
				CLANG_ANALYZER_NONNULL = YES;
				CLANG_ANALYZER_NUMBER_OBJECT_CONVERSION = YES_AGGRESSIVE;
				CLANG_CXX_LANGUAGE_STANDARD = "gnu++14";
				CLANG_CXX_LIBRARY = "libc++";
				CLANG_ENABLE_MODULES = YES;
				CLANG_ENABLE_OBJC_ARC = YES;
				CLANG_WARN_BLOCK_CAPTURE_AUTORELEASING = YES;
				CLANG_WARN_BOOL_CONVERSION = YES;
				CLANG_WARN_COMMA = YES;
				CLANG_WARN_CONSTANT_CONVERSION = YES;
				CLANG_WARN_DIRECT_OBJC_ISA_USAGE = YES_ERROR;
				CLANG_WARN_DOCUMENTATION_COMMENTS = YES;
				CLANG_WARN_EMPTY_BODY = YES;
				CLANG_WARN_ENUM_CONVERSION = YES;
				CLANG_WARN_INFINITE_RECURSION = YES;
				CLANG_WARN_INT_CONVERSION = YES;
				CLANG_WARN_NON_LITERAL_NULL_CONVERSION = YES;
				CLANG_WARN_OBJC_LITERAL_CONVERSION = YES;
				CLANG_WARN_OBJC_ROOT_CLASS = YES_ERROR;
				CLANG_WARN_RANGE_LOOP_ANALYSIS = YES;
				CLANG_WARN_STRICT_PROTOTYPES = YES;
				CLANG_WARN_SUSPICIOUS_MOVE = YES;
				CLANG_WARN_UNGUARDED_AVAILABILITY = YES_AGGRESSIVE;
				CLANG_WARN_UNREACHABLE_CODE = YES;
				CLANG_WARN__DUPLICATE_METHOD_MATCH = YES;
				CODE_SIGN_IDENTITY = "Mac Developer";
				COPY_PHASE_STRIP = NO;
				DEBUG_INFORMATION_FORMAT = dwarf;
				ENABLE_STRICT_OBJC_MSGSEND = YES;
				ENABLE_TESTABILITY = YES;
				GCC_C_LANGUAGE_STANDARD = gnu11;
				GCC_DYNAMIC_NO_PIC = NO;
				GCC_NO_COMMON_BLOCKS = YES;
				GCC_OPTIMIZATION_LEVEL = 0;
				GCC_PREPROCESSOR_DEFINITIONS = (
					"DEBUG=1",
					"$(inherited)",
				);
				GCC_WARN_64_TO_32_BIT_CONVERSION = YES;
				GCC_WARN_ABOUT_RETURN_TYPE = YES_ERROR;
				GCC_WARN_UNDECLARED_SELECTOR = YES;
				GCC_WARN_UNINITIALIZED_AUTOS = YES_AGGRESSIVE;
				GCC_WARN_UNUSED_FUNCTION = YES;
				GCC_WARN_UNUSED_VARIABLE = YES;
				MACOSX_DEPLOYMENT_TARGET = 10.13;
				MTL_ENABLE_DEBUG_INFO = YES;
				ONLY_ACTIVE_ARCH = YES;
				SDKROOT = macosx;
			};
			name = Debug;
		};
		24369390204B573800E0EE49 /* Release */ = {
			isa = XCBuildConfiguration;
			buildSettings = {
				ALWAYS_SEARCH_USER_PATHS = NO;
				CLANG_ANALYZER_NONNULL = YES;
				CLANG_ANALYZER_NUMBER_OBJECT_CONVERSION = YES_AGGRESSIVE;
				CLANG_CXX_LANGUAGE_STANDARD = "gnu++14";
				CLANG_CXX_LIBRARY = "libc++";
				CLANG_ENABLE_MODULES = YES;
				CLANG_ENABLE_OBJC_ARC = YES;
				CLANG_WARN_BLOCK_CAPTURE_AUTORELEASING = YES;
				CLANG_WARN_BOOL_CONVERSION = YES;
				CLANG_WARN_COMMA = YES;
				CLANG_WARN_CONSTANT_CONVERSION = YES;
				CLANG_WARN_DIRECT_OBJC_ISA_USAGE = YES_ERROR;
				CLANG_WARN_DOCUMENTATION_COMMENTS = YES;
				CLANG_WARN_EMPTY_BODY = YES;
				CLANG_WARN_ENUM_CONVERSION = YES;
				CLANG_WARN_INFINITE_RECURSION = YES;
				CLANG_WARN_INT_CONVERSION = YES;
				CLANG_WARN_NON_LITERAL_NULL_CONVERSION = YES;
				CLANG_WARN_OBJC_LITERAL_CONVERSION = YES;
				CLANG_WARN_OBJC_ROOT_CLASS = YES_ERROR;
				CLANG_WARN_RANGE_LOOP_ANALYSIS = YES;
				CLANG_WARN_STRICT_PROTOTYPES = YES;
				CLANG_WARN_SUSPICIOUS_MOVE = YES;
				CLANG_WARN_UNGUARDED_AVAILABILITY = YES_AGGRESSIVE;
				CLANG_WARN_UNREACHABLE_CODE = YES;
				CLANG_WARN__DUPLICATE_METHOD_MATCH = YES;
				CODE_SIGN_IDENTITY = "Mac Developer";
				COPY_PHASE_STRIP = NO;
				DEBUG_INFORMATION_FORMAT = "dwarf-with-dsym";
				ENABLE_NS_ASSERTIONS = NO;
				ENABLE_STRICT_OBJC_MSGSEND = YES;
				GCC_C_LANGUAGE_STANDARD = gnu11;
				GCC_NO_COMMON_BLOCKS = YES;
				GCC_WARN_64_TO_32_BIT_CONVERSION = YES;
				GCC_WARN_ABOUT_RETURN_TYPE = YES_ERROR;
				GCC_WARN_UNDECLARED_SELECTOR = YES;
				GCC_WARN_UNINITIALIZED_AUTOS = YES_AGGRESSIVE;
				GCC_WARN_UNUSED_FUNCTION = YES;
				GCC_WARN_UNUSED_VARIABLE = YES;
				MACOSX_DEPLOYMENT_TARGET = 10.13;
				MTL_ENABLE_DEBUG_INFO = NO;
				SDKROOT = macosx;
			};
			name = Release;
		};
		24369392204B573800E0EE49 /* Debug */ = {
			isa = XCBuildConfiguration;
			buildSettings = {
				CODE_SIGN_STYLE = Automatic;
				DEVELOPMENT_TEAM = 9BCGP8GVY3;
				PRODUCT_NAME = "$(TARGET_NAME)";
			};
			name = Debug;
		};
		24369393204B573800E0EE49 /* Release */ = {
			isa = XCBuildConfiguration;
			buildSettings = {
				CODE_SIGN_STYLE = Automatic;
				DEVELOPMENT_TEAM = 9BCGP8GVY3;
				PRODUCT_NAME = "$(TARGET_NAME)";
			};
			name = Release;
		};
/* End XCBuildConfiguration section */

/* Begin XCConfigurationList section */
		24369385204B573800E0EE49 /* Build configuration list for PBXProject "Ants" */ = {
			isa = XCConfigurationList;
			buildConfigurations = (
				2436938F204B573800E0EE49 /* Debug */,
				24369390204B573800E0EE49 /* Release */,
			);
			defaultConfigurationIsVisible = 0;
			defaultConfigurationName = Release;
		};
		24369391204B573800E0EE49 /* Build configuration list for PBXNativeTarget "Ants" */ = {
			isa = XCConfigurationList;
			buildConfigurations = (
				24369392204B573800E0EE49 /* Debug */,
				24369393204B573800E0EE49 /* Release */,
			);
			defaultConfigurationIsVisible = 0;
			defaultConfigurationName = Release;
		};
/* End XCConfigurationList section */
	};
	rootObject = 24369382204B573800E0EE49 /* Project object */;
}
